
Microsoft Visual Studio Solution File, Format Version 12.00
# Visual Studio Version 17
VisualStudioVersion = 17.10.35013.160
MinimumVisualStudioVersion = 10.0.40219.1
Project("{FAE04EC0-301F-11D3-BF4B-00C04F79EFBC}") = "CronTest", "CronTest.csproj", "{3DF95049-D026-4310-BBCF-F163468D8FC2}"
EndProject
Project("{FAE04EC0-301F-11D3-BF4B-00C04F79EFBC}") = "CronGeneratorCore", "..\CronGeneratorCore\CronGeneratorCore.csproj", "{7C354551-62D7-463E-85ED-2F3BD04A54EA}"
EndProject
Global
	GlobalSection(SolutionConfigurationPlatforms) = preSolution
		Debug|Any CPU = Debug|Any CPU
		Release|Any CPU = Release|Any CPU
	EndGlobalSection
	GlobalSection(ProjectConfigurationPlatforms) = postSolution
		{3DF95049-D026-4310-BBCF-F163468D8FC2}.Debug|Any CPU.ActiveCfg = Debug|Any CPU
		{3DF95049-D026-4310-BBCF-F163468D8FC2}.Debug|Any CPU.Build.0 = Debug|Any CPU
		{3DF95049-D026-4310-BBCF-F163468D8FC2}.Release|Any CPU.ActiveCfg = Release|Any CPU
		{3DF95049-D026-4310-BBCF-F163468D8FC2}.Release|Any CPU.Build.0 = Release|Any CPU
		{7C354551-62D7-463E-85ED-2F3BD04A54EA}.Debug|Any CPU.ActiveCfg = Debug|Any CPU
		{7C354551-62D7-463E-85ED-2F3BD04A54EA}.Debug|Any CPU.Build.0 = Debug|Any CPU
		{7C354551-62D7-463E-85ED-2F3BD04A54EA}.Release|Any CPU.ActiveCfg = Release|Any CPU
		{7C354551-62D7-463E-85ED-2F3BD04A54EA}.Release|Any CPU.Build.0 = Release|Any CPU
	EndGlobalSection
	GlobalSection(SolutionProperties) = preSolution
		HideSolutionNode = FALSE
	EndGlobalSection
	GlobalSection(ExtensibilityGlobals) = postSolution
		SolutionGuid = {8F31CD30-6E04-4EFE-B400-67DDFBC607C8}
	EndGlobalSection
EndGlobal
